
Microsoft Visual Studio Solution File, Format Version 12.00
# Visual Studio 15
VisualStudioVersion = 15.0.27428.2037
MinimumVisualStudioVersion = 10.0.40219.1
Project("{FAE04EC0-301F-11D3-BF4B-00C04F79EFBC}") = "PaniniStickerWebAPI", "PaniniStickerWebAPI\PaniniStickerWebAPI.csproj", "{5F6C44E5-257F-4393-8CCF-F0A3CE9DB155}"
EndProject
Project("{FAE04EC0-301F-11D3-BF4B-00C04F79EFBC}") = "ConsoleAppTest", "ConsoleAppTest\ConsoleAppTest.csproj", "{B7B1E128-D94F-42FA-AEC6-D5BD13780FBE}"
EndProject
Global
	GlobalSection(SolutionConfigurationPlatforms) = preSolution
		Debug|Any CPU = Debug|Any CPU
		Release|Any CPU = Release|Any CPU
	EndGlobalSection
	GlobalSection(ProjectConfigurationPlatforms) = postSolution
		{5F6C44E5-257F-4393-8CCF-F0A3CE9DB155}.Debug|Any CPU.ActiveCfg = Debug|Any CPU
		{5F6C44E5-257F-4393-8CCF-F0A3CE9DB155}.Debug|Any CPU.Build.0 = Debug|Any CPU
		{5F6C44E5-257F-4393-8CCF-F0A3CE9DB155}.Release|Any CPU.ActiveCfg = Release|Any CPU
		{5F6C44E5-257F-4393-8CCF-F0A3CE9DB155}.Release|Any CPU.Build.0 = Release|Any CPU
		{B7B1E128-D94F-42FA-AEC6-D5BD13780FBE}.Debug|Any CPU.ActiveCfg = Debug|Any CPU
		{B7B1E128-D94F-42FA-AEC6-D5BD13780FBE}.Debug|Any CPU.Build.0 = Debug|Any CPU
		{B7B1E128-D94F-42FA-AEC6-D5BD13780FBE}.Release|Any CPU.ActiveCfg = Release|Any CPU
		{B7B1E128-D94F-42FA-AEC6-D5BD13780FBE}.Release|Any CPU.Build.0 = Release|Any CPU
	EndGlobalSection
	GlobalSection(SolutionProperties) = preSolution
		HideSolutionNode = FALSE
	EndGlobalSection
	GlobalSection(ExtensibilityGlobals) = postSolution
		SolutionGuid = {B6EBE28F-D042-41A8-8764-E6E440C36ECC}
	EndGlobalSection
EndGlobal
